# THIS IS AN AUTOGENERATED FILE. DO NOT EDIT THIS FILE DIRECTLY.
# yarn lockfile v1


"@parity/abi@~2.1.4":
  version "2.1.4"
  resolved "https://registry.yarnpkg.com/@parity/abi/-/abi-2.1.4.tgz#23e2b9e6d37a54035b76d941d6d74b9c5d21fb99"
  dependencies:
    bignumber.js "4.1.0"
    js-sha3 "0.5.5"
    utf8 "^2.1.2"

"@parity/api@^2.1.22":
  version "2.1.22"
  resolved "https://registry.yarnpkg.com/@parity/api/-/api-2.1.22.tgz#47f758d760e5c3154877f45e379937b456af0539"
  dependencies:
    "@parity/abi" "~2.1.4"
    "@parity/jsonrpc" "2.1.x"
    "@parity/wordlist" "1.1.x"
    bignumber.js "4.1.0"
    blockies "0.0.2"
    es6-error "4.0.2"
    es6-promise "^4.1.1"
    eventemitter3 "^2.0.2"
    isomorphic-fetch "^2.2.1"
    js-sha3 "0.5.5"
    lodash "^4.17.4"
    store "^2.0.12"
    websocket "^1.0.25"

"@parity/jsonrpc@2.1.x":
  version "2.1.6"
  resolved "https://registry.yarnpkg.com/@parity/jsonrpc/-/jsonrpc-2.1.6.tgz#260bbe7dfcec18d59f0bf1668dfd6021452d6452"

"@parity/wordlist@1.1.x":
  version "1.1.0"
  resolved "https://registry.yarnpkg.com/@parity/wordlist/-/wordlist-1.1.0.tgz#9e9ed3ab7837f5633b5844e60a355e9e63e427ae"

bignumber.js@4.1.0:
  version "4.1.0"
  resolved "https://registry.yarnpkg.com/bignumber.js/-/bignumber.js-4.1.0.tgz#db6f14067c140bd46624815a7916c92d9b6c24b1"

blockies@0.0.2:
  version "0.0.2"
  resolved "https://registry.yarnpkg.com/blockies/-/blockies-0.0.2.tgz#22ad58da4f6b382bc79bf4386c5820c70047e4ed"

debug@^2.2.0:
  version "2.6.9"
  resolved "https://registry.yarnpkg.com/debug/-/debug-2.6.9.tgz#5d128515df134ff327e90a4c93f4e077a536341f"
  dependencies:
    ms "2.0.0"

encoding@^0.1.11:
  version "0.1.12"
  resolved "https://registry.yarnpkg.com/encoding/-/encoding-0.1.12.tgz#538b66f3ee62cd1ab51ec323829d1f9480c74beb"
  dependencies:
    iconv-lite "~0.4.13"

es6-error@4.0.2:
  version "4.0.2"
  resolved "https://registry.yarnpkg.com/es6-error/-/es6-error-4.0.2.tgz#eec5c726eacef51b7f6b73c20db6e1b13b069c98"

es6-promise@^4.1.1:
  version "4.2.4"
  resolved "https://registry.yarnpkg.com/es6-promise/-/es6-promise-4.2.4.tgz#dc4221c2b16518760bd8c39a52d8f356fc00ed29"

eventemitter3@^2.0.2:
  version "2.0.3"
  resolved "https://registry.yarnpkg.com/eventemitter3/-/eventemitter3-2.0.3.tgz#b5e1079b59fb5e1ba2771c0a993be060a58c99ba"

iconv-lite@~0.4.13:
  version "0.4.23"
  resolved "https://registry.yarnpkg.com/iconv-lite/-/iconv-lite-0.4.23.tgz#297871f63be507adcfbfca715d0cd0eed84e9a63"
  dependencies:
    safer-buffer ">= 2.1.2 < 3"

is-stream@^1.0.1:
  version "1.1.0"
  resolved "https://registry.yarnpkg.com/is-stream/-/is-stream-1.1.0.tgz#12d4a3dd4e68e0b79ceb8dbc84173ae80d91ca44"

is-typedarray@^1.0.0:
  version "1.0.0"
  resolved "https://registry.yarnpkg.com/is-typedarray/-/is-typedarray-1.0.0.tgz#e479c80858df0c1b11ddda6940f96011fcda4a9a"

isomorphic-fetch@^2.2.1:
  version "2.2.1"
  resolved "https://registry.yarnpkg.com/isomorphic-fetch/-/isomorphic-fetch-2.2.1.tgz#611ae1acf14f5e81f729507472819fe9733558a9"
  dependencies:
    node-fetch "^1.0.1"
    whatwg-fetch ">=0.10.0"

js-sha3@0.5.5:
  version "0.5.5"
  resolved "https://registry.yarnpkg.com/js-sha3/-/js-sha3-0.5.5.tgz#baf0c0e8c54ad5903447df96ade7a4a1bca79a4a"

lodash@^4.17.4:
  version "4.17.10"
  resolved "https://registry.yarnpkg.com/lodash/-/lodash-4.17.10.tgz#1b7793cf7259ea38fb3661d4d38b3260af8ae4e7"

ms@2.0.0:
  version "2.0.0"
  resolved "https://registry.yarnpkg.com/ms/-/ms-2.0.0.tgz#5608aeadfc00be6c2901df5f9861788de0d597c8"

nan@^2.3.3:
  version "2.10.0"
  resolved "https://registry.yarnpkg.com/nan/-/nan-2.10.0.tgz#96d0cd610ebd58d4b4de9cc0c6828cda99c7548f"

node-fetch@^1.0.1:
  version "1.7.3"
  resolved "https://registry.yarnpkg.com/node-fetch/-/node-fetch-1.7.3.tgz#980f6f72d85211a5347c6b2bc18c5b84c3eb47ef"
  dependencies:
    encoding "^0.1.11"
    is-stream "^1.0.1"

"safer-buffer@>= 2.1.2 < 3":
  version "2.1.2"
  resolved "https://registry.yarnpkg.com/safer-buffer/-/safer-buffer-2.1.2.tgz#44fa161b0187b9549dd84bb91802f9bd8385cd6a"

store@^2.0.12:
  version "2.0.12"
  resolved "https://registry.yarnpkg.com/store/-/store-2.0.12.tgz#8c534e2a0b831f72b75fc5f1119857c44ef5d593"

typedarray-to-buffer@^3.1.2:
  version "3.1.5"
  resolved "https://registry.yarnpkg.com/typedarray-to-buffer/-/typedarray-to-buffer-3.1.5.tgz#a97ee7a9ff42691b9f783ff1bc5112fe3fca9080"
  dependencies:
    is-typedarray "^1.0.0"

utf8@^2.1.2:
  version "2.1.2"
  resolved "https://registry.yarnpkg.com/utf8/-/utf8-2.1.2.tgz#1fa0d9270e9be850d9b05027f63519bf46457d96"

websocket@^1.0.25:
  version "1.0.26"
  resolved "https://registry.yarnpkg.com/websocket/-/websocket-1.0.26.tgz#a03a01299849c35268c83044aa919c6374be8194"
  dependencies:
    debug "^2.2.0"
    nan "^2.3.3"
    typedarray-to-buffer "^3.1.2"
    yaeti "^0.0.6"

whatwg-fetch@>=0.10.0:
  version "2.0.4"
  resolved "https://registry.yarnpkg.com/whatwg-fetch/-/whatwg-fetch-2.0.4.tgz#dde6a5df315f9d39991aa17621853d720b85566f"

yaeti@^0.0.6:
  version "0.0.6"
  resolved "https://registry.yarnpkg.com/yaeti/-/yaeti-0.0.6.tgz#f26f484d72684cf42bedfb76970aa1608fbf9577"
